
Microsoft Visual Studio Solution File, Format Version 12.00
# Visual Studio Version 17
VisualStudioVersion = 17.0.32112.339
MinimumVisualStudioVersion = 10.0.40219.1
Project("{9A19103F-16F7-4668-BE54-9A1E7A4F7556}") = "SimpleTrader.Domain", "SimpleTrader.Domain\SimpleTrader.Domain.csproj", "{F3E42DE5-D9B2-48C9-9C36-650EAB9F0FB9}"
EndProject
Project("{9A19103F-16F7-4668-BE54-9A1E7A4F7556}") = "SimpleTrader.EntityFramework", "SimpleTrader.EntityFramework\SimpleTrader.EntityFramework.csproj", "{187EAEE7-B3A1-41BC-B113-146DE15324B4}"
EndProject
Project("{9A19103F-16F7-4668-BE54-9A1E7A4F7556}") = "SimpleTrader.WPF", "SimpleTrader.WPF\SimpleTrader.WPF.csproj", "{3E5ED998-3860-40E4-834E-FC281C918048}"
EndProject
Project("{9A19103F-16F7-4668-BE54-9A1E7A4F7556}") = "SimpleTrader.FinancialModelingPrepAPI", "SimpleTrader.FinancialModelingPrepAPI\SimpleTrader.FinancialModelingPrepAPI.csproj", "{747F99DC-7EC8-4530-8D3B-8574720704F7}"
EndProject
Project("{FAE04EC0-301F-11D3-BF4B-00C04F79EFBC}") = "SimpleTrader.Domain.Tests", "SimpleTrader.Domain.Tests\SimpleTrader.Domain.Tests.csproj", "{49F3AA98-CB6B-4155-9C79-04FF7270C0F6}"
EndProject
Global
	GlobalSection(SolutionConfigurationPlatforms) = preSolution
		Debug|Any CPU = Debug|Any CPU
		Release|Any CPU = Release|Any CPU
	EndGlobalSection
	GlobalSection(ProjectConfigurationPlatforms) = postSolution
		{F3E42DE5-D9B2-48C9-9C36-650EAB9F0FB9}.Debug|Any CPU.ActiveCfg = Debug|Any CPU
		{F3E42DE5-D9B2-48C9-9C36-650EAB9F0FB9}.Debug|Any CPU.Build.0 = Debug|Any CPU
		{F3E42DE5-D9B2-48C9-9C36-650EAB9F0FB9}.Release|Any CPU.ActiveCfg = Release|Any CPU
		{F3E42DE5-D9B2-48C9-9C36-650EAB9F0FB9}.Release|Any CPU.Build.0 = Release|Any CPU
		{187EAEE7-B3A1-41BC-B113-146DE15324B4}.Debug|Any CPU.ActiveCfg = Debug|Any CPU
		{187EAEE7-B3A1-41BC-B113-146DE15324B4}.Debug|Any CPU.Build.0 = Debug|Any CPU
		{187EAEE7-B3A1-41BC-B113-146DE15324B4}.Release|Any CPU.ActiveCfg = Release|Any CPU
		{187EAEE7-B3A1-41BC-B113-146DE15324B4}.Release|Any CPU.Build.0 = Release|Any CPU
		{3E5ED998-3860-40E4-834E-FC281C918048}.Debug|Any CPU.ActiveCfg = Debug|Any CPU
		{3E5ED998-3860-40E4-834E-FC281C918048}.Debug|Any CPU.Build.0 = Debug|Any CPU
		{3E5ED998-3860-40E4-834E-FC281C918048}.Release|Any CPU.ActiveCfg = Release|Any CPU
		{3E5ED998-3860-40E4-834E-FC281C918048}.Release|Any CPU.Build.0 = Release|Any CPU
		{747F99DC-7EC8-4530-8D3B-8574720704F7}.Debug|Any CPU.ActiveCfg = Debug|Any CPU
		{747F99DC-7EC8-4530-8D3B-8574720704F7}.Debug|Any CPU.Build.0 = Debug|Any CPU
		{747F99DC-7EC8-4530-8D3B-8574720704F7}.Release|Any CPU.ActiveCfg = Release|Any CPU
		{747F99DC-7EC8-4530-8D3B-8574720704F7}.Release|Any CPU.Build.0 = Release|Any CPU
		{49F3AA98-CB6B-4155-9C79-04FF7270C0F6}.Debug|Any CPU.ActiveCfg = Debug|Any CPU
		{49F3AA98-CB6B-4155-9C79-04FF7270C0F6}.Debug|Any CPU.Build.0 = Debug|Any CPU
		{49F3AA98-CB6B-4155-9C79-04FF7270C0F6}.Release|Any CPU.ActiveCfg = Release|Any CPU
		{49F3AA98-CB6B-4155-9C79-04FF7270C0F6}.Release|Any CPU.Build.0 = Release|Any CPU
	EndGlobalSection
	GlobalSection(SolutionProperties) = preSolution
		HideSolutionNode = FALSE
	EndGlobalSection
	GlobalSection(ExtensibilityGlobals) = postSolution
		SolutionGuid = {AB4133E0-305D-4A1F-9525-3A24151AEA6B}
	EndGlobalSection
EndGlobal
